// !$*UTF8*$!
{
	archiveVersion = 1;
	classes = {
	};
	objectVersion = 51;
	objects = {

/* Begin PBXBuildFile section */
		881BE9D3241E23F600C06290 /* SubLessonViewController.swift in Sources */ = {isa = PBXBuildFile; fileRef = 881BE9D2241E23F600C06290 /* SubLessonViewController.swift */; };
		881BE9D5241E242500C06290 /* LessonViewModel.swift in Sources */ = {isa = PBXBuildFile; fileRef = 881BE9D4241E242500C06290 /* LessonViewModel.swift */; };
		881BE9D7241E308700C06290 /* SubLessonCell.swift in Sources */ = {isa = PBXBuildFile; fileRef = 881BE9D6241E308700C06290 /* SubLessonCell.swift */; };
		882A2B82243A18A100D51D6C /* ExamCells.swift in Sources */ = {isa = PBXBuildFile; fileRef = 882A2B81243A18A100D51D6C /* ExamCells.swift */; };
		885F642023F939C60089FDD3 /* MenuRootController.swift in Sources */ = {isa = PBXBuildFile; fileRef = 885F641F23F939C60089FDD3 /* MenuRootController.swift */; };
		885F642223F98C9F0089FDD3 /* SubMenuView.swift in Sources */ = {isa = PBXBuildFile; fileRef = 885F642123F98C9F0089FDD3 /* SubMenuView.swift */; };
		88AB65C8243A3B3C00311F50 /* ExamEnglishCell.swift in Sources */ = {isa = PBXBuildFile; fileRef = 88AB65C7243A3B3C00311F50 /* ExamEnglishCell.swift */; };
		88AB65CB243ADAFF00311F50 /* ExamHeader.swift in Sources */ = {isa = PBXBuildFile; fileRef = 88AB65CA243ADAFF00311F50 /* ExamHeader.swift */; };
		88AE58ED23F7D8C000127C8E /* AppDelegate.swift in Sources */ = {isa = PBXBuildFile; fileRef = 88AE58EC23F7D8C000127C8E /* AppDelegate.swift */; };
		88AE58F623F7D8C300127C8E /* Assets.xcassets in Resources */ = {isa = PBXBuildFile; fileRef = 88AE58F523F7D8C300127C8E /* Assets.xcassets */; };
		88AE590423F7D8C400127C8E /* MOONMenusTests.swift in Sources */ = {isa = PBXBuildFile; fileRef = 88AE590323F7D8C400127C8E /* MOONMenusTests.swift */; };
		88AE590F23F7D8C400127C8E /* MOONMenusUITests.swift in Sources */ = {isa = PBXBuildFile; fileRef = 88AE590E23F7D8C400127C8E /* MOONMenusUITests.swift */; };
		88AE591E23F7DDCE00127C8E /* MenuCore.swift in Sources */ = {isa = PBXBuildFile; fileRef = 88AE591D23F7DDCE00127C8E /* MenuCore.swift */; };
		88AE592023F7F58700127C8E /* BasicMenuView.swift in Sources */ = {isa = PBXBuildFile; fileRef = 88AE591F23F7F58700127C8E /* BasicMenuView.swift */; };
		88AE592223F7F5A400127C8E /* MenuConfigs.swift in Sources */ = {isa = PBXBuildFile; fileRef = 88AE592123F7F5A400127C8E /* MenuConfigs.swift */; };
		88B351A723FA99C00051C34C /* MOONMenuSkin.bundle in Resources */ = {isa = PBXBuildFile; fileRef = 88B351A623FA99C00051C34C /* MOONMenuSkin.bundle */; };
		88FB1B062403B8BB006A48AA /* MenuItem.swift in Sources */ = {isa = PBXBuildFile; fileRef = 88FB1B052403B8BB006A48AA /* MenuItem.swift */; };
		88FB1B082403E1D4006A48AA /* ItemConfigs.swift in Sources */ = {isa = PBXBuildFile; fileRef = 88FB1B072403E1D4006A48AA /* ItemConfigs.swift */; };
		88FF2AB023FE811600B7CB92 /* MOONSegment.swift in Sources */ = {isa = PBXBuildFile; fileRef = 88FF2AAF23FE811600B7CB92 /* MOONSegment.swift */; };
		A2247B9524260A700038F692 /* CorrectingEnterView.swift in Sources */ = {isa = PBXBuildFile; fileRef = A2247B9424260A700038F692 /* CorrectingEnterView.swift */; };
		A26D2BA1241B22B6005666AF /* LessonHelper.swift in Sources */ = {isa = PBXBuildFile; fileRef = A26D2BA0241B22B6005666AF /* LessonHelper.swift */; };
		A26D2BA3241B298B005666AF /* LessonViewController.swift in Sources */ = {isa = PBXBuildFile; fileRef = A26D2BA2241B298B005666AF /* LessonViewController.swift */; };
		A26D2BA5241B2D3B005666AF /* CapacityAlertController.swift in Sources */ = {isa = PBXBuildFile; fileRef = A26D2BA4241B2D3B005666AF /* CapacityAlertController.swift */; };
		A26D2BA7241B3825005666AF /* LessonView.swift in Sources */ = {isa = PBXBuildFile; fileRef = A26D2BA6241B3825005666AF /* LessonView.swift */; };
		A26D2BA9241B91E9005666AF /* LessonCell.swift in Sources */ = {isa = PBXBuildFile; fileRef = A26D2BA8241B91E9005666AF /* LessonCell.swift */; };
		A26D2BAB241F4E0A005666AF /* LessonAuthorView.swift in Sources */ = {isa = PBXBuildFile; fileRef = A26D2BAA241F4E0A005666AF /* LessonAuthorView.swift */; };
		A26D2BAE241F78D9005666AF /* LessonDetailViewController.swift in Sources */ = {isa = PBXBuildFile; fileRef = A26D2BAD241F78D8005666AF /* LessonDetailViewController.swift */; };
		A26D2BB0241F7971005666AF /* LessonDetailCell.swift in Sources */ = {isa = PBXBuildFile; fileRef = A26D2BAF241F7971005666AF /* LessonDetailCell.swift */; };
		A26D2BB3241FB9EF005666AF /* LessonSelectViewController.swift in Sources */ = {isa = PBXBuildFile; fileRef = A26D2BB2241FB9EF005666AF /* LessonSelectViewController.swift */; };
		A26D2BB5241FBD22005666AF /* LessonSelectHelper.swift in Sources */ = {isa = PBXBuildFile; fileRef = A26D2BB4241FBD22005666AF /* LessonSelectHelper.swift */; };
		A26D2BB7241FC0A5005666AF /* LessonSelectViewModel.swift in Sources */ = {isa = PBXBuildFile; fileRef = A26D2BB6241FC0A5005666AF /* LessonSelectViewModel.swift */; };
		A26D2BB9241FC12A005666AF /* LessonSelectCell.swift in Sources */ = {isa = PBXBuildFile; fileRef = A26D2BB8241FC12A005666AF /* LessonSelectCell.swift */; };
		A26D2BBC24206373005666AF /* SubLessonSelectViewController.swift in Sources */ = {isa = PBXBuildFile; fileRef = A26D2BBB24206373005666AF /* SubLessonSelectViewController.swift */; };
		A293D0F42435831B0032806D /* SignUpIncomeViewController.swift in Sources */ = {isa = PBXBuildFile; fileRef = A293D0F32435831B0032806D /* SignUpIncomeViewController.swift */; };
		A293D0F7243583E40032806D /* DemoViewController.swift in Sources */ = {isa = PBXBuildFile; fileRef = A293D0F6243583E40032806D /* DemoViewController.swift */; };
		A293D0FA2435E0180032806D /* ExamPageViewController.swift in Sources */ = {isa = PBXBuildFile; fileRef = A293D0F92435E0180032806D /* ExamPageViewController.swift */; };
		A293D0FC2435E22E0032806D /* ExamViewController.swift in Sources */ = {isa = PBXBuildFile; fileRef = A293D0FB2435E22E0032806D /* ExamViewController.swift */; };
		A293D0FE2435E52F0032806D /* ExamViewModel.swift in Sources */ = {isa = PBXBuildFile; fileRef = A293D0FD2435E52F0032806D /* ExamViewModel.swift */; };
		A293D1032436E98D0032806D /* ExamAnswerCell.swift in Sources */ = {isa = PBXBuildFile; fileRef = A293D1022436E98D0032806D /* ExamAnswerCell.swift */; };
		A2BB623A242073810020A85B /* SubLessonSelectCell.swift in Sources */ = {isa = PBXBuildFile; fileRef = A2BB6239242073810020A85B /* SubLessonSelectCell.swift */; };
		A2BB623D2421BD410020A85B /* CorrectingViewController.swift in Sources */ = {isa = PBXBuildFile; fileRef = A2BB623C2421BD410020A85B /* CorrectingViewController.swift */; };
		A2BB623F2421C0350020A85B /* CorrectingHelper.swift in Sources */ = {isa = PBXBuildFile; fileRef = A2BB623E2421C0350020A85B /* CorrectingHelper.swift */; };
		A2BB62422421C15D0020A85B /* CorrectingStudentCell.swift in Sources */ = {isa = PBXBuildFile; fileRef = A2BB62412421C15D0020A85B /* CorrectingStudentCell.swift */; };
		A2BB62442421CB6D0020A85B /* CorrectingViewModel.swift in Sources */ = {isa = PBXBuildFile; fileRef = A2BB62432421CB6D0020A85B /* CorrectingViewModel.swift */; };
		A2BB62462421F1650020A85B /* CorrectingCell.swift in Sources */ = {isa = PBXBuildFile; fileRef = A2BB62452421F1650020A85B /* CorrectingCell.swift */; };
		A2BB6248242216920020A85B /* CorrectingTextCell.swift in Sources */ = {isa = PBXBuildFile; fileRef = A2BB6247242216920020A85B /* CorrectingTextCell.swift */; };
		A2BB624A2422616C0020A85B /* CorrectingVoiceCell.swift in Sources */ = {isa = PBXBuildFile; fileRef = A2BB62492422616C0020A85B /* CorrectingVoiceCell.swift */; };
		A2BB624C242261950020A85B /* CorrectingImageCell.swift in Sources */ = {isa = PBXBuildFile; fileRef = A2BB624B242261950020A85B /* CorrectingImageCell.swift */; };
		A2BB624E242261A70020A85B /* CorrectingVideoCell.swift in Sources */ = {isa = PBXBuildFile; fileRef = A2BB624D242261A70020A85B /* CorrectingVideoCell.swift */; };
		A2BB62502424682C0020A85B /* CorrectEditView.swift in Sources */ = {isa = PBXBuildFile; fileRef = A2BB624F2424682C0020A85B /* CorrectEditView.swift */; };
		A2BB625224246A000020A85B /* AddCorrectAlertController.swift in Sources */ = {isa = PBXBuildFile; fileRef = A2BB625124246A000020A85B /* AddCorrectAlertController.swift */; };
		A2BFF235242C41E2001B5B7A /* CorrectHistoryAlertController.swift in Sources */ = {isa = PBXBuildFile; fileRef = A2BFF234242C41E2001B5B7A /* CorrectHistoryAlertController.swift */; };
		A2C9177F243DA7B20018D8CD /* ExamStepView.swift in Sources */ = {isa = PBXBuildFile; fileRef = A2C9177E243DA7B20018D8CD /* ExamStepView.swift */; };
		A2C91781243DADC60018D8CD /* ExamArrow.swift in Sources */ = {isa = PBXBuildFile; fileRef = A2C91780243DADC60018D8CD /* ExamArrow.swift */; };
		A2C91784243E04BE0018D8CD /* ExamHistoryViewController.swift in Sources */ = {isa = PBXBuildFile; fileRef = A2C91783243E04BE0018D8CD /* ExamHistoryViewController.swift */; };
		A2C91786243E050B0018D8CD /* ExamHistoryCell.swift in Sources */ = {isa = PBXBuildFile; fileRef = A2C91785243E050B0018D8CD /* ExamHistoryCell.swift */; };
		A2D4DB4E24370ADB00A77B26 /* ExamHelper.swift in Sources */ = {isa = PBXBuildFile; fileRef = A2D4DB4D24370ADB00A77B26 /* ExamHelper.swift */; };
		A2D4DB54243727E500A77B26 /* ExamOptionCells.swift in Sources */ = {isa = PBXBuildFile; fileRef = A2D4DB53243727E500A77B26 /* ExamOptionCells.swift */; };
		A2DBC9E624401EB3005C54DE /* MakeHomeworkAlertController.swift in Sources */ = {isa = PBXBuildFile; fileRef = A2DBC9E524401EB3005C54DE /* MakeHomeworkAlertController.swift */; };
		A2FB07BF243C2C4400BD0474 /* ExamPagesView.swift in Sources */ = {isa = PBXBuildFile; fileRef = A2FB07BE243C2C4400BD0474 /* ExamPagesView.swift */; };
		A2FB07C2243C6FFC00BD0474 /* ExamNavigateCell.swift in Sources */ = {isa = PBXBuildFile; fileRef = A2FB07C1243C6FFC00BD0474 /* ExamNavigateCell.swift */; };
		A2FB07C4243C704800BD0474 /* ExamNavigateHeader.swift in Sources */ = {isa = PBXBuildFile; fileRef = A2FB07C3243C704800BD0474 /* ExamNavigateHeader.swift */; };
		A2FB07C6243C71AD00BD0474 /* ExamStar.swift in Sources */ = {isa = PBXBuildFile; fileRef = A2FB07C5243C71AD00BD0474 /* ExamStar.swift */; };
		CD760275A68B2BA0CE6EB6A4 /* Pods_MOONMenus.framework in Frameworks */ = {isa = PBXBuildFile; fileRef = 1E7327A8B6F5D1C2A62CED81 /* Pods_MOONMenus.framework */; };
/* End PBXBuildFile section */

/* Begin PBXContainerItemProxy section */
		88AE590023F7D8C400127C8E /* PBXContainerItemProxy */ = {
			isa = PBXContainerItemProxy;
			containerPortal = 88AE58E123F7D8C000127C8E /* Project object */;
			proxyType = 1;
			remoteGlobalIDString = 88AE58E823F7D8C000127C8E;
			remoteInfo = MOONMenus;
		};
		88AE590B23F7D8C400127C8E /* PBXContainerItemProxy */ = {
			isa = PBXContainerItemProxy;
			containerPortal = 88AE58E123F7D8C000127C8E /* Project object */;
			proxyType = 1;
			remoteGlobalIDString = 88AE58E823F7D8C000127C8E;
			remoteInfo = MOONMenus;
		};
/* End PBXContainerItemProxy section */

/* Begin PBXFileReference section */
		1E7327A8B6F5D1C2A62CED81 /* Pods_MOONMenus.framework */ = {isa = PBXFileReference; explicitFileType = wrapper.framework; includeInIndex = 0; path = Pods_MOONMenus.framework; sourceTree = BUILT_PRODUCTS_DIR; };
		26A9F00FB6DAF513EB8BB2AD /* Pods-MOONMenus.debug.xcconfig */ = {isa = PBXFileReference; includeInIndex = 1; lastKnownFileType = text.xcconfig; name = "Pods-MOONMenus.debug.xcconfig"; path = "Target Support Files/Pods-MOONMenus/Pods-MOONMenus.debug.xcconfig"; sourceTree = "<group>"; };
		881BE9D2241E23F600C06290 /* SubLessonViewController.swift */ = {isa = PBXFileReference; lastKnownFileType = sourcecode.swift; path = SubLessonViewController.swift; sourceTree = "<group>"; };
		881BE9D4241E242500C06290 /* LessonViewModel.swift */ = {isa = PBXFileReference; lastKnownFileType = sourcecode.swift; path = LessonViewModel.swift; sourceTree = "<group>"; };
		881BE9D6241E308700C06290 /* SubLessonCell.swift */ = {isa = PBXFileReference; lastKnownFileType = sourcecode.swift; path = SubLessonCell.swift; sourceTree = "<group>"; };
		882A2B81243A18A100D51D6C /* ExamCells.swift */ = {isa = PBXFileReference; lastKnownFileType = sourcecode.swift; path = ExamCells.swift; sourceTree = "<group>"; };
		885F641F23F939C60089FDD3 /* MenuRootController.swift */ = {isa = PBXFileReference; lastKnownFileType = sourcecode.swift; path = MenuRootController.swift; sourceTree = "<group>"; };
		885F642123F98C9F0089FDD3 /* SubMenuView.swift */ = {isa = PBXFileReference; lastKnownFileType = sourcecode.swift; path = SubMenuView.swift; sourceTree = "<group>"; };
		88AB65C7243A3B3C00311F50 /* ExamEnglishCell.swift */ = {isa = PBXFileReference; lastKnownFileType = sourcecode.swift; path = ExamEnglishCell.swift; sourceTree = "<group>"; };
		88AB65CA243ADAFF00311F50 /* ExamHeader.swift */ = {isa = PBXFileReference; lastKnownFileType = sourcecode.swift; path = ExamHeader.swift; sourceTree = "<group>"; };
		88AE58E923F7D8C000127C8E /* MOONMenus.app */ = {isa = PBXFileReference; explicitFileType = wrapper.application; includeInIndex = 0; path = MOONMenus.app; sourceTree = BUILT_PRODUCTS_DIR; };
		88AE58EC23F7D8C000127C8E /* AppDelegate.swift */ = {isa = PBXFileReference; lastKnownFileType = sourcecode.swift; path = AppDelegate.swift; sourceTree = "<group>"; };
		88AE58F523F7D8C300127C8E /* Assets.xcassets */ = {isa = PBXFileReference; lastKnownFileType = folder.assetcatalog; path = Assets.xcassets; sourceTree = "<group>"; };
		88AE58FA23F7D8C300127C8E /* Info.plist */ = {isa = PBXFileReference; lastKnownFileType = text.plist.xml; path = Info.plist; sourceTree = "<group>"; };
		88AE58FF23F7D8C400127C8E /* MOONMenusTests.xctest */ = {isa = PBXFileReference; explicitFileType = wrapper.cfbundle; includeInIndex = 0; path = MOONMenusTests.xctest; sourceTree = BUILT_PRODUCTS_DIR; };
		88AE590323F7D8C400127C8E /* MOONMenusTests.swift */ = {isa = PBXFileReference; lastKnownFileType = sourcecode.swift; path = MOONMenusTests.swift; sourceTree = "<group>"; };
		88AE590523F7D8C400127C8E /* Info.plist */ = {isa = PBXFileReference; lastKnownFileType = text.plist.xml; path = Info.plist; sourceTree = "<group>"; };
		88AE590A23F7D8C400127C8E /* MOONMenusUITests.xctest */ = {isa = PBXFileReference; explicitFileType = wrapper.cfbundle; includeInIndex = 0; path = MOONMenusUITests.xctest; sourceTree = BUILT_PRODUCTS_DIR; };
		88AE590E23F7D8C400127C8E /* MOONMenusUITests.swift */ = {isa = PBXFileReference; lastKnownFileType = sourcecode.swift; path = MOONMenusUITests.swift; sourceTree = "<group>"; };
		88AE591023F7D8C400127C8E /* Info.plist */ = {isa = PBXFileReference; lastKnownFileType = text.plist.xml; path = Info.plist; sourceTree = "<group>"; };
		88AE591D23F7DDCE00127C8E /* MenuCore.swift */ = {isa = PBXFileReference; lastKnownFileType = sourcecode.swift; path = MenuCore.swift; sourceTree = "<group>"; };
		88AE591F23F7F58700127C8E /* BasicMenuView.swift */ = {isa = PBXFileReference; lastKnownFileType = sourcecode.swift; path = BasicMenuView.swift; sourceTree = "<group>"; };
		88AE592123F7F5A400127C8E /* MenuConfigs.swift */ = {isa = PBXFileReference; lastKnownFileType = sourcecode.swift; path = MenuConfigs.swift; sourceTree = "<group>"; };
		88B351A623FA99C00051C34C /* MOONMenuSkin.bundle */ = {isa = PBXFileReference; lastKnownFileType = "wrapper.plug-in"; path = MOONMenuSkin.bundle; sourceTree = "<group>"; };
		88FB1B052403B8BB006A48AA /* MenuItem.swift */ = {isa = PBXFileReference; lastKnownFileType = sourcecode.swift; path = MenuItem.swift; sourceTree = "<group>"; };
		88FB1B072403E1D4006A48AA /* ItemConfigs.swift */ = {isa = PBXFileReference; lastKnownFileType = sourcecode.swift; path = ItemConfigs.swift; sourceTree = "<group>"; };
		88FF2AAF23FE811600B7CB92 /* MOONSegment.swift */ = {isa = PBXFileReference; lastKnownFileType = sourcecode.swift; path = MOONSegment.swift; sourceTree = "<group>"; };
		A2247B9424260A700038F692 /* CorrectingEnterView.swift */ = {isa = PBXFileReference; lastKnownFileType = sourcecode.swift; path = CorrectingEnterView.swift; sourceTree = "<group>"; };
		A26D2BA0241B22B6005666AF /* LessonHelper.swift */ = {isa = PBXFileReference; lastKnownFileType = sourcecode.swift; path = LessonHelper.swift; sourceTree = "<group>"; };
		A26D2BA2241B298B005666AF /* LessonViewController.swift */ = {isa = PBXFileReference; lastKnownFileType = sourcecode.swift; path = LessonViewController.swift; sourceTree = "<group>"; };
		A26D2BA4241B2D3B005666AF /* CapacityAlertController.swift */ = {isa = PBXFileReference; lastKnownFileType = sourcecode.swift; path = CapacityAlertController.swift; sourceTree = "<group>"; };
		A26D2BA6241B3825005666AF /* LessonView.swift */ = {isa = PBXFileReference; lastKnownFileType = sourcecode.swift; path = LessonView.swift; sourceTree = "<group>"; };
		A26D2BA8241B91E9005666AF /* LessonCell.swift */ = {isa = PBXFileReference; lastKnownFileType = sourcecode.swift; path = LessonCell.swift; sourceTree = "<group>"; };
		A26D2BAA241F4E0A005666AF /* LessonAuthorView.swift */ = {isa = PBXFileReference; lastKnownFileType = sourcecode.swift; path = LessonAuthorView.swift; sourceTree = "<group>"; };
		A26D2BAD241F78D8005666AF /* LessonDetailViewController.swift */ = {isa = PBXFileReference; lastKnownFileType = sourcecode.swift; path = LessonDetailViewController.swift; sourceTree = "<group>"; };
		A26D2BAF241F7971005666AF /* LessonDetailCell.swift */ = {isa = PBXFileReference; lastKnownFileType = sourcecode.swift; path = LessonDetailCell.swift; sourceTree = "<group>"; };
		A26D2BB2241FB9EF005666AF /* LessonSelectViewController.swift */ = {isa = PBXFileReference; lastKnownFileType = sourcecode.swift; path = LessonSelectViewController.swift; sourceTree = "<group>"; };
		A26D2BB4241FBD22005666AF /* LessonSelectHelper.swift */ = {isa = PBXFileReference; lastKnownFileType = sourcecode.swift; path = LessonSelectHelper.swift; sourceTree = "<group>"; };
		A26D2BB6241FC0A5005666AF /* LessonSelectViewModel.swift */ = {isa = PBXFileReference; lastKnownFileType = sourcecode.swift; path = LessonSelectViewModel.swift; sourceTree = "<group>"; };
		A26D2BB8241FC12A005666AF /* LessonSelectCell.swift */ = {isa = PBXFileReference; lastKnownFileType = sourcecode.swift; path = LessonSelectCell.swift; sourceTree = "<group>"; };
		A26D2BBB24206373005666AF /* SubLessonSelectViewController.swift */ = {isa = PBXFileReference; lastKnownFileType = sourcecode.swift; path = SubLessonSelectViewController.swift; sourceTree = "<group>"; };
		A293D0F32435831B0032806D /* SignUpIncomeViewController.swift */ = {isa = PBXFileReference; lastKnownFileType = sourcecode.swift; path = SignUpIncomeViewController.swift; sourceTree = "<group>"; };
		A293D0F6243583E40032806D /* DemoViewController.swift */ = {isa = PBXFileReference; lastKnownFileType = sourcecode.swift; path = DemoViewController.swift; sourceTree = "<group>"; };
		A293D0F92435E0180032806D /* ExamPageViewController.swift */ = {isa = PBXFileReference; lastKnownFileType = sourcecode.swift; path = ExamPageViewController.swift; sourceTree = "<group>"; };
		A293D0FB2435E22E0032806D /* ExamViewController.swift */ = {isa = PBXFileReference; lastKnownFileType = sourcecode.swift; path = ExamViewController.swift; sourceTree = "<group>"; };
		A293D0FD2435E52F0032806D /* ExamViewModel.swift */ = {isa = PBXFileReference; lastKnownFileType = sourcecode.swift; path = ExamViewModel.swift; sourceTree = "<group>"; };
		A293D1022436E98D0032806D /* ExamAnswerCell.swift */ = {isa = PBXFileReference; lastKnownFileType = sourcecode.swift; path = ExamAnswerCell.swift; sourceTree = "<group>"; };
		A2BB6239242073810020A85B /* SubLessonSelectCell.swift */ = {isa = PBXFileReference; lastKnownFileType = sourcecode.swift; path = SubLessonSelectCell.swift; sourceTree = "<group>"; };
		A2BB623C2421BD410020A85B /* CorrectingViewController.swift */ = {isa = PBXFileReference; lastKnownFileType = sourcecode.swift; path = CorrectingViewController.swift; sourceTree = "<group>"; };
		A2BB623E2421C0350020A85B /* CorrectingHelper.swift */ = {isa = PBXFileReference; lastKnownFileType = sourcecode.swift; path = CorrectingHelper.swift; sourceTree = "<group>"; };
		A2BB62412421C15D0020A85B /* CorrectingStudentCell.swift */ = {isa = PBXFileReference; lastKnownFileType = sourcecode.swift; path = CorrectingStudentCell.swift; sourceTree = "<group>"; };
		A2BB62432421CB6D0020A85B /* CorrectingViewModel.swift */ = {isa = PBXFileReference; lastKnownFileType = sourcecode.swift; path = CorrectingViewModel.swift; sourceTree = "<group>"; };
		A2BB62452421F1650020A85B /* CorrectingCell.swift */ = {isa = PBXFileReference; lastKnownFileType = sourcecode.swift; path = CorrectingCell.swift; sourceTree = "<group>"; };
		A2BB6247242216920020A85B /* CorrectingTextCell.swift */ = {isa = PBXFileReference; lastKnownFileType = sourcecode.swift; path = CorrectingTextCell.swift; sourceTree = "<group>"; };
		A2BB62492422616C0020A85B /* CorrectingVoiceCell.swift */ = {isa = PBXFileReference; lastKnownFileType = sourcecode.swift; path = CorrectingVoiceCell.swift; sourceTree = "<group>"; };
		A2BB624B242261950020A85B /* CorrectingImageCell.swift */ = {isa = PBXFileReference; lastKnownFileType = sourcecode.swift; path = CorrectingImageCell.swift; sourceTree = "<group>"; };
		A2BB624D242261A70020A85B /* CorrectingVideoCell.swift */ = {isa = PBXFileReference; lastKnownFileType = sourcecode.swift; path = CorrectingVideoCell.swift; sourceTree = "<group>"; };
		A2BB624F2424682C0020A85B /* CorrectEditView.swift */ = {isa = PBXFileReference; lastKnownFileType = sourcecode.swift; path = CorrectEditView.swift; sourceTree = "<group>"; };
		A2BB625124246A000020A85B /* AddCorrectAlertController.swift */ = {isa = PBXFileReference; lastKnownFileType = sourcecode.swift; path = AddCorrectAlertController.swift; sourceTree = "<group>"; };
		A2BFF234242C41E2001B5B7A /* CorrectHistoryAlertController.swift */ = {isa = PBXFileReference; lastKnownFileType = sourcecode.swift; path = CorrectHistoryAlertController.swift; sourceTree = "<group>"; };
		A2C9177E243DA7B20018D8CD /* ExamStepView.swift */ = {isa = PBXFileReference; lastKnownFileType = sourcecode.swift; path = ExamStepView.swift; sourceTree = "<group>"; };
		A2C91780243DADC60018D8CD /* ExamArrow.swift */ = {isa = PBXFileReference; lastKnownFileType = sourcecode.swift; path = ExamArrow.swift; sourceTree = "<group>"; };
		A2C91783243E04BE0018D8CD /* ExamHistoryViewController.swift */ = {isa = PBXFileReference; lastKnownFileType = sourcecode.swift; path = ExamHistoryViewController.swift; sourceTree = "<group>"; };
		A2C91785243E050B0018D8CD /* ExamHistoryCell.swift */ = {isa = PBXFileReference; lastKnownFileType = sourcecode.swift; path = ExamHistoryCell.swift; sourceTree = "<group>"; };
		A2D4DB4D24370ADB00A77B26 /* ExamHelper.swift */ = {isa = PBXFileReference; lastKnownFileType = sourcecode.swift; path = ExamHelper.swift; sourceTree = "<group>"; };
		A2D4DB53243727E500A77B26 /* ExamOptionCells.swift */ = {isa = PBXFileReference; lastKnownFileType = sourcecode.swift; path = ExamOptionCells.swift; sourceTree = "<group>"; };
		A2DBC9E524401EB3005C54DE /* MakeHomeworkAlertController.swift */ = {isa = PBXFileReference; lastKnownFileType = sourcecode.swift; path = MakeHomeworkAlertController.swift; sourceTree = "<group>"; };
		A2FB07BE243C2C4400BD0474 /* ExamPagesView.swift */ = {isa = PBXFileReference; lastKnownFileType = sourcecode.swift; path = ExamPagesView.swift; sourceTree = "<group>"; };
		A2FB07C1243C6FFC00BD0474 /* ExamNavigateCell.swift */ = {isa = PBXFileReference; lastKnownFileType = sourcecode.swift; path = ExamNavigateCell.swift; sourceTree = "<group>"; };
		A2FB07C3243C704800BD0474 /* ExamNavigateHeader.swift */ = {isa = PBXFileReference; lastKnownFileType = sourcecode.swift; path = ExamNavigateHeader.swift; sourceTree = "<group>"; };
		A2FB07C5243C71AD00BD0474 /* ExamStar.swift */ = {isa = PBXFileReference; lastKnownFileType = sourcecode.swift; path = ExamStar.swift; sourceTree = "<group>"; };
		B4F87418DDC89E3F7434A491 /* Pods-MOONMenus.release.xcconfig */ = {isa = PBXFileReference; includeInIndex = 1; lastKnownFileType = text.xcconfig; name = "Pods-MOONMenus.release.xcconfig"; path = "Target Support Files/Pods-MOONMenus/Pods-MOONMenus.release.xcconfig"; sourceTree = "<group>"; };
/* End PBXFileReference section */

/* Begin PBXFrameworksBuildPhase section */
		88AE58E623F7D8C000127C8E /* Frameworks */ = {
			isa = PBXFrameworksBuildPhase;
			buildActionMask = 2147483647;
			files = (
				CD760275A68B2BA0CE6EB6A4 /* Pods_MOONMenus.framework in Frameworks */,
			);
			runOnlyForDeploymentPostprocessing = 0;
		};
		88AE58FC23F7D8C400127C8E /* Frameworks */ = {
			isa = PBXFrameworksBuildPhase;
			buildActionMask = 2147483647;
			files = (
			);
			runOnlyForDeploymentPostprocessing = 0;
		};
		88AE590723F7D8C400127C8E /* Frameworks */ = {
			isa = PBXFrameworksBuildPhase;
			buildActionMask = 2147483647;
			files = (
			);
			runOnlyForDeploymentPostprocessing = 0;
		};
/* End PBXFrameworksBuildPhase section */

/* Begin PBXGroup section */
		1E2E37E250ECB4D724A5741B /* Frameworks */ = {
			isa = PBXGroup;
			children = (
				1E7327A8B6F5D1C2A62CED81 /* Pods_MOONMenus.framework */,
			);
			name = Frameworks;
			sourceTree = "<group>";
		};
		22683AC569A14273A61DD610 /* Pods */ = {
			isa = PBXGroup;
			children = (
				26A9F00FB6DAF513EB8BB2AD /* Pods-MOONMenus.debug.xcconfig */,
				B4F87418DDC89E3F7434A491 /* Pods-MOONMenus.release.xcconfig */,
			);
			path = Pods;
			sourceTree = "<group>";
		};
		881BE9D1241E23E100C06290 /* SubLesson */ = {
			isa = PBXGroup;
			children = (
				A26D2BAC241F78C8005666AF /* LessonDetail */,
				881BE9D2241E23F600C06290 /* SubLessonViewController.swift */,
				881BE9D6241E308700C06290 /* SubLessonCell.swift */,
			);
			path = SubLesson;
			sourceTree = "<group>";
		};
		88AB65C9243ADADE00311F50 /* Header */ = {
			isa = PBXGroup;
			children = (
				88AB65CA243ADAFF00311F50 /* ExamHeader.swift */,
			);
			path = Header;
			sourceTree = "<group>";
		};
		88AE58E023F7D8C000127C8E = {
			isa = PBXGroup;
			children = (
				A293D0F82435D0C20032806D /* Exam */,
				A293D0F5243583B90032806D /* SignUpIncome */,
				A2BB623B2421BBE20020A85B /* Correcting */,
				A26D2BB1241FB8BF005666AF /* LessonSelect */,
				A26D2B9F241B2143005666AF /* Lesson */,
				88AE58EB23F7D8C000127C8E /* MOONMenus */,
				88AE590223F7D8C400127C8E /* MOONMenusTests */,
				88AE590D23F7D8C400127C8E /* MOONMenusUITests */,
				88AE58EA23F7D8C000127C8E /* Products */,
				22683AC569A14273A61DD610 /* Pods */,
				1E2E37E250ECB4D724A5741B /* Frameworks */,
			);
			sourceTree = "<group>";
		};
		88AE58EA23F7D8C000127C8E /* Products */ = {
			isa = PBXGroup;
			children = (
				88AE58E923F7D8C000127C8E /* MOONMenus.app */,
				88AE58FF23F7D8C400127C8E /* MOONMenusTests.xctest */,
				88AE590A23F7D8C400127C8E /* MOONMenusUITests.xctest */,
			);
			name = Products;
			sourceTree = "<group>";
		};
		88AE58EB23F7D8C000127C8E /* MOONMenus */ = {
			isa = PBXGroup;
			children = (
				88AE591C23F7D9C900127C8E /* Resources */,
				88AE58EC23F7D8C000127C8E /* AppDelegate.swift */,
				A293D0F6243583E40032806D /* DemoViewController.swift */,
				88FF2AAF23FE811600B7CB92 /* MOONSegment.swift */,
				88AE591D23F7DDCE00127C8E /* MenuCore.swift */,
				885F641F23F939C60089FDD3 /* MenuRootController.swift */,
				88AE592123F7F5A400127C8E /* MenuConfigs.swift */,
				88AE591F23F7F58700127C8E /* BasicMenuView.swift */,
				885F642123F98C9F0089FDD3 /* SubMenuView.swift */,
				88FB1B052403B8BB006A48AA /* MenuItem.swift */,
				88FB1B072403E1D4006A48AA /* ItemConfigs.swift */,
			);
			path = MOONMenus;
			sourceTree = "<group>";
		};
		88AE590223F7D8C400127C8E /* MOONMenusTests */ = {
			isa = PBXGroup;
			children = (
				88AE590323F7D8C400127C8E /* MOONMenusTests.swift */,
				88AE590523F7D8C400127C8E /* Info.plist */,
			);
			path = MOONMenusTests;
			sourceTree = "<group>";
		};
		88AE590D23F7D8C400127C8E /* MOONMenusUITests */ = {
			isa = PBXGroup;
			children = (
				88AE590E23F7D8C400127C8E /* MOONMenusUITests.swift */,
				88AE591023F7D8C400127C8E /* Info.plist */,
			);
			path = MOONMenusUITests;
			sourceTree = "<group>";
		};
		88AE591C23F7D9C900127C8E /* Resources */ = {
			isa = PBXGroup;
			children = (
				88B351A623FA99C00051C34C /* MOONMenuSkin.bundle */,
				88AE58F523F7D8C300127C8E /* Assets.xcassets */,
				88AE58FA23F7D8C300127C8E /* Info.plist */,
			);
			path = Resources;
			sourceTree = "<group>";
		};
		A26D2B9F241B2143005666AF /* Lesson */ = {
			isa = PBXGroup;
			children = (
				881BE9D1241E23E100C06290 /* SubLesson */,
				A26D2BA0241B22B6005666AF /* LessonHelper.swift */,
				A26D2BA2241B298B005666AF /* LessonViewController.swift */,
				A26D2BA6241B3825005666AF /* LessonView.swift */,
				A26D2BAA241F4E0A005666AF /* LessonAuthorView.swift */,
				A26D2BA8241B91E9005666AF /* LessonCell.swift */,
				A26D2BA4241B2D3B005666AF /* CapacityAlertController.swift */,
				881BE9D4241E242500C06290 /* LessonViewModel.swift */,
			);
			path = Lesson;
			sourceTree = "<group>";
		};
		A26D2BAC241F78C8005666AF /* LessonDetail */ = {
			isa = PBXGroup;
			children = (
				A26D2BAD241F78D8005666AF /* LessonDetailViewController.swift */,
				A26D2BAF241F7971005666AF /* LessonDetailCell.swift */,
			);
			path = LessonDetail;
			sourceTree = "<group>";
		};
		A26D2BB1241FB8BF005666AF /* LessonSelect */ = {
			isa = PBXGroup;
			children = (
				A26D2BBA241FC1BB005666AF /* SubLessonSelect */,
				A26D2BB2241FB9EF005666AF /* LessonSelectViewController.swift */,
				A26D2BB4241FBD22005666AF /* LessonSelectHelper.swift */,
				A26D2BB6241FC0A5005666AF /* LessonSelectViewModel.swift */,
				A26D2BB8241FC12A005666AF /* LessonSelectCell.swift */,
			);
			path = LessonSelect;
			sourceTree = "<group>";
		};
		A26D2BBA241FC1BB005666AF /* SubLessonSelect */ = {
			isa = PBXGroup;
			children = (
				A26D2BBB24206373005666AF /* SubLessonSelectViewController.swift */,
				A2BB6239242073810020A85B /* SubLessonSelectCell.swift */,
			);
			path = SubLessonSelect;
			sourceTree = "<group>";
		};
		A293D0F5243583B90032806D /* SignUpIncome */ = {
			isa = PBXGroup;
			children = (
				A293D0F32435831B0032806D /* SignUpIncomeViewController.swift */,
			);
			path = SignUpIncome;
			sourceTree = "<group>";
		};
		A293D0F82435D0C20032806D /* Exam */ = {
			isa = PBXGroup;
			children = (
				A2C91782243E03B60018D8CD /* History */,
				A293D0FF2436DB4E0032806D /* View */,
				A293D0F92435E0180032806D /* ExamPageViewController.swift */,
				A293D0FB2435E22E0032806D /* ExamViewController.swift */,
				A293D0FD2435E52F0032806D /* ExamViewModel.swift */,
				A2D4DB4D24370ADB00A77B26 /* ExamHelper.swift */,
				A2DBC9E524401EB3005C54DE /* MakeHomeworkAlertController.swift */,
			);
			path = Exam;
			sourceTree = "<group>";
		};
		A293D0FF2436DB4E0032806D /* View */ = {
			isa = PBXGroup;
			children = (
				A2FB07C8243D6F2100BD0474 /* Bundle */,
				A2FB07C7243D6EFE00BD0474 /* Navigates */,
				88AB65C9243ADADE00311F50 /* Header */,
				A2D4DB52243727C600A77B26 /* Cell */,
			);
			path = View;
			sourceTree = "<group>";
		};
		A2BB623B2421BBE20020A85B /* Correcting */ = {
			isa = PBXGroup;
			children = (
				A2BB62402421C0E90020A85B /* View */,
				A2BB623C2421BD410020A85B /* CorrectingViewController.swift */,
				A2BB625124246A000020A85B /* AddCorrectAlertController.swift */,
				A2BFF234242C41E2001B5B7A /* CorrectHistoryAlertController.swift */,
				A2BB623E2421C0350020A85B /* CorrectingHelper.swift */,
				A2BB62432421CB6D0020A85B /* CorrectingViewModel.swift */,
			);
			path = Correcting;
			sourceTree = "<group>";
		};
		A2BB62402421C0E90020A85B /* View */ = {
			isa = PBXGroup;
			children = (
				A2BB62412421C15D0020A85B /* CorrectingStudentCell.swift */,
				A2BB6247242216920020A85B /* CorrectingTextCell.swift */,
				A2BB62492422616C0020A85B /* CorrectingVoiceCell.swift */,
				A2BB624B242261950020A85B /* CorrectingImageCell.swift */,
				A2BB624D242261A70020A85B /* CorrectingVideoCell.swift */,
				A2BB62452421F1650020A85B /* CorrectingCell.swift */,
				A2BB624F2424682C0020A85B /* CorrectEditView.swift */,
				A2247B9424260A700038F692 /* CorrectingEnterView.swift */,
			);
			path = View;
			sourceTree = "<group>";
		};
		A2C91782243E03B60018D8CD /* History */ = {
			isa = PBXGroup;
			children = (
				A2C91783243E04BE0018D8CD /* ExamHistoryViewController.swift */,
				A2C91785243E050B0018D8CD /* ExamHistoryCell.swift */,
			);
			path = History;
			sourceTree = "<group>";
		};
		A2D4DB52243727C600A77B26 /* Cell */ = {
			isa = PBXGroup;
			children = (
				882A2B81243A18A100D51D6C /* ExamCells.swift */,
				A2D4DB53243727E500A77B26 /* ExamOptionCells.swift */,
				A293D1022436E98D0032806D /* ExamAnswerCell.swift */,
				88AB65C7243A3B3C00311F50 /* ExamEnglishCell.swift */,
			);
			path = Cell;
			sourceTree = "<group>";
		};
		A2FB07C7243D6EFE00BD0474 /* Navigates */ = {
			isa = PBXGroup;
			children = (
				A2FB07BE243C2C4400BD0474 /* ExamPagesView.swift */,
				A2C9177E243DA7B20018D8CD /* ExamStepView.swift */,
				A2FB07C3243C704800BD0474 /* ExamNavigateHeader.swift */,
				A2FB07C1243C6FFC00BD0474 /* ExamNavigateCell.swift */,
			);
			path = Navigates;
			sourceTree = "<group>";
		};
		A2FB07C8243D6F2100BD0474 /* Bundle */ = {
			isa = PBXGroup;
			children = (
				A2FB07C5243C71AD00BD0474 /* ExamStar.swift */,
				A2C91780243DADC60018D8CD /* ExamArrow.swift */,
			);
			path = Bundle;
			sourceTree = "<group>";
		};
/* End PBXGroup section */

/* Begin PBXNativeTarget section */
		88AE58E823F7D8C000127C8E /* MOONMenus */ = {
			isa = PBXNativeTarget;
			buildConfigurationList = 88AE591323F7D8C400127C8E /* Build configuration list for PBXNativeTarget "MOONMenus" */;
			buildPhases = (
				1CC37CE4A3D2E0AB3D4C3475 /* [CP] Check Pods Manifest.lock */,
				88AE58E523F7D8C000127C8E /* Sources */,
				88AE58E623F7D8C000127C8E /* Frameworks */,
				88AE58E723F7D8C000127C8E /* Resources */,
				F083D960BF04CE0E61E15EFF /* [CP] Embed Pods Frameworks */,
			);
			buildRules = (
			);
			dependencies = (
			);
			name = MOONMenus;
			productName = MOONMenus;
			productReference = 88AE58E923F7D8C000127C8E /* MOONMenus.app */;
			productType = "com.apple.product-type.application";
		};
		88AE58FE23F7D8C400127C8E /* MOONMenusTests */ = {
			isa = PBXNativeTarget;
			buildConfigurationList = 88AE591623F7D8C400127C8E /* Build configuration list for PBXNativeTarget "MOONMenusTests" */;
			buildPhases = (
				88AE58FB23F7D8C400127C8E /* Sources */,
				88AE58FC23F7D8C400127C8E /* Frameworks */,
				88AE58FD23F7D8C400127C8E /* Resources */,
			);
			buildRules = (
			);
			dependencies = (
				88AE590123F7D8C400127C8E /* PBXTargetDependency */,
			);
			name = MOONMenusTests;
			productName = MOONMenusTests;
			productReference = 88AE58FF23F7D8C400127C8E /* MOONMenusTests.xctest */;
			productType = "com.apple.product-type.bundle.unit-test";
		};
		88AE590923F7D8C400127C8E /* MOONMenusUITests */ = {
			isa = PBXNativeTarget;
			buildConfigurationList = 88AE591923F7D8C400127C8E /* Build configuration list for PBXNativeTarget "MOONMenusUITests" */;
			buildPhases = (
				88AE590623F7D8C400127C8E /* Sources */,
				88AE590723F7D8C400127C8E /* Frameworks */,
				88AE590823F7D8C400127C8E /* Resources */,
			);
			buildRules = (
			);
			dependencies = (
				88AE590C23F7D8C400127C8E /* PBXTargetDependency */,
			);
			name = MOONMenusUITests;
			productName = MOONMenusUITests;
			productReference = 88AE590A23F7D8C400127C8E /* MOONMenusUITests.xctest */;
			productType = "com.apple.product-type.bundle.ui-testing";
		};
/* End PBXNativeTarget section */

/* Begin PBXProject section */
		88AE58E123F7D8C000127C8E /* Project object */ = {
			isa = PBXProject;
			attributes = {
				LastSwiftUpdateCheck = 1130;
				LastUpgradeCheck = 1130;
				ORGANIZATIONNAME = "月之暗面";
				TargetAttributes = {
					88AE58E823F7D8C000127C8E = {
						CreatedOnToolsVersion = 11.3.1;
					};
					88AE58FE23F7D8C400127C8E = {
						CreatedOnToolsVersion = 11.3.1;
						TestTargetID = 88AE58E823F7D8C000127C8E;
					};
					88AE590923F7D8C400127C8E = {
						CreatedOnToolsVersion = 11.3.1;
						TestTargetID = 88AE58E823F7D8C000127C8E;
					};
				};
			};
			buildConfigurationList = 88AE58E423F7D8C000127C8E /* Build configuration list for PBXProject "MOONMenus" */;
			compatibilityVersion = "Xcode 9.3";
			developmentRegion = en;
			hasScannedForEncodings = 0;
			knownRegions = (
				en,
				Base,
			);
			mainGroup = 88AE58E023F7D8C000127C8E;
			productRefGroup = 88AE58EA23F7D8C000127C8E /* Products */;
			projectDirPath = "";
			projectRoot = "";
			targets = (
				88AE58E823F7D8C000127C8E /* MOONMenus */,
				88AE58FE23F7D8C400127C8E /* MOONMenusTests */,
				88AE590923F7D8C400127C8E /* MOONMenusUITests */,
			);
		};
/* End PBXProject section */

/* Begin PBXResourcesBuildPhase section */
		88AE58E723F7D8C000127C8E /* Resources */ = {
			isa = PBXResourcesBuildPhase;
			buildActionMask = 2147483647;
			files = (
				88B351A723FA99C00051C34C /* MOONMenuSkin.bundle in Resources */,
				88AE58F623F7D8C300127C8E /* Assets.xcassets in Resources */,
			);
			runOnlyForDeploymentPostprocessing = 0;
		};
		88AE58FD23F7D8C400127C8E /* Resources */ = {
			isa = PBXResourcesBuildPhase;
			buildActionMask = 2147483647;
			files = (
			);
			runOnlyForDeploymentPostprocessing = 0;
		};
		88AE590823F7D8C400127C8E /* Resources */ = {
			isa = PBXResourcesBuildPhase;
			buildActionMask = 2147483647;
			files = (
			);
			runOnlyForDeploymentPostprocessing = 0;
		};
/* End PBXResourcesBuildPhase section */

/* Begin PBXShellScriptBuildPhase section */
		1CC37CE4A3D2E0AB3D4C3475 /* [CP] Check Pods Manifest.lock */ = {
			isa = PBXShellScriptBuildPhase;
			buildActionMask = 2147483647;
			files = (
			);
			inputFileListPaths = (
			);
			inputPaths = (
				"${PODS_PODFILE_DIR_PATH}/Podfile.lock",
				"${PODS_ROOT}/Manifest.lock",
			);
			name = "[CP] Check Pods Manifest.lock";
			outputFileListPaths = (
			);
			outputPaths = (
				"$(DERIVED_FILE_DIR)/Pods-MOONMenus-checkManifestLockResult.txt",
			);
			runOnlyForDeploymentPostprocessing = 0;
			shellPath = /bin/sh;
			shellScript = "diff \"${PODS_PODFILE_DIR_PATH}/Podfile.lock\" \"${PODS_ROOT}/Manifest.lock\" > /dev/null\nif [ $? != 0 ] ; then\n    # print error to STDERR\n    echo \"error: The sandbox is not in sync with the Podfile.lock. Run 'pod install' or update your CocoaPods installation.\" >&2\n    exit 1\nfi\n# This output is used by Xcode 'outputs' to avoid re-running this script phase.\necho \"SUCCESS\" > \"${SCRIPT_OUTPUT_FILE_0}\"\n";
			showEnvVarsInLog = 0;
		};
		F083D960BF04CE0E61E15EFF /* [CP] Embed Pods Frameworks */ = {
			isa = PBXShellScriptBuildPhase;
			buildActionMask = 2147483647;
			files = (
			);
			inputFileListPaths = (
				"${PODS_ROOT}/Target Support Files/Pods-MOONMenus/Pods-MOONMenus-frameworks-${CONFIGURATION}-input-files.xcfilelist",
			);
			name = "[CP] Embed Pods Frameworks";
			outputFileListPaths = (
				"${PODS_ROOT}/Target Support Files/Pods-MOONMenus/Pods-MOONMenus-frameworks-${CONFIGURATION}-output-files.xcfilelist",
			);
			runOnlyForDeploymentPostprocessing = 0;
			shellPath = /bin/sh;
			shellScript = "\"${PODS_ROOT}/Target Support Files/Pods-MOONMenus/Pods-MOONMenus-frameworks.sh\"\n";
			showEnvVarsInLog = 0;
		};
/* End PBXShellScriptBuildPhase section */

/* Begin PBXSourcesBuildPhase section */
		88AE58E523F7D8C000127C8E /* Sources */ = {
			isa = PBXSourcesBuildPhase;
			buildActionMask = 2147483647;
			files = (
				88FB1B082403E1D4006A48AA /* ItemConfigs.swift in Sources */,
				A2D4DB54243727E500A77B26 /* ExamOptionCells.swift in Sources */,
				881BE9D5241E242500C06290 /* LessonViewModel.swift in Sources */,
				A2BB625224246A000020A85B /* AddCorrectAlertController.swift in Sources */,
				A2BB623D2421BD410020A85B /* CorrectingViewController.swift in Sources */,
				885F642223F98C9F0089FDD3 /* SubMenuView.swift in Sources */,
				A2BB62422421C15D0020A85B /* CorrectingStudentCell.swift in Sources */,
				A2D4DB4E24370ADB00A77B26 /* ExamHelper.swift in Sources */,
				A2247B9524260A700038F692 /* CorrectingEnterView.swift in Sources */,
				A26D2BAE241F78D9005666AF /* LessonDetailViewController.swift in Sources */,
				A2BB62442421CB6D0020A85B /* CorrectingViewModel.swift in Sources */,
				A2BB62462421F1650020A85B /* CorrectingCell.swift in Sources */,
				A2BB6248242216920020A85B /* CorrectingTextCell.swift in Sources */,
				A2BB623F2421C0350020A85B /* CorrectingHelper.swift in Sources */,
				A26D2BB5241FBD22005666AF /* LessonSelectHelper.swift in Sources */,
				88AE58ED23F7D8C000127C8E /* AppDelegate.swift in Sources */,
				A2BB624E242261A70020A85B /* CorrectingVideoCell.swift in Sources */,
				A2C91786243E050B0018D8CD /* ExamHistoryCell.swift in Sources */,
				88AE591E23F7DDCE00127C8E /* MenuCore.swift in Sources */,
				A26D2BA7241B3825005666AF /* LessonView.swift in Sources */,
				88AB65CB243ADAFF00311F50 /* ExamHeader.swift in Sources */,
				A2BB62502424682C0020A85B /* CorrectEditView.swift in Sources */,
				A26D2BB7241FC0A5005666AF /* LessonSelectViewModel.swift in Sources */,
				A2BB624C242261950020A85B /* CorrectingImageCell.swift in Sources */,
				A26D2BA3241B298B005666AF /* LessonViewController.swift in Sources */,
				A2BB623A242073810020A85B /* SubLessonSelectCell.swift in Sources */,
				A293D0FA2435E0180032806D /* ExamPageViewController.swift in Sources */,
				A2FB07C6243C71AD00BD0474 /* ExamStar.swift in Sources */,
				A26D2BB9241FC12A005666AF /* LessonSelectCell.swift in Sources */,
				A26D2BB0241F7971005666AF /* LessonDetailCell.swift in Sources */,
				A2FB07BF243C2C4400BD0474 /* ExamPagesView.swift in Sources */,
				A293D0FE2435E52F0032806D /* ExamViewModel.swift in Sources */,
				A26D2BAB241F4E0A005666AF /* LessonAuthorView.swift in Sources */,
				A26D2BA5241B2D3B005666AF /* CapacityAlertController.swift in Sources */,
				A26D2BA9241B91E9005666AF /* LessonCell.swift in Sources */,
				88AE592223F7F5A400127C8E /* MenuConfigs.swift in Sources */,
				A2C91784243E04BE0018D8CD /* ExamHistoryViewController.swift in Sources */,
				A2BB624A2422616C0020A85B /* CorrectingVoiceCell.swift in Sources */,
				88AB65C8243A3B3C00311F50 /* ExamEnglishCell.swift in Sources */,
				A293D0FC2435E22E0032806D /* ExamViewController.swift in Sources */,
				A26D2BBC24206373005666AF /* SubLessonSelectViewController.swift in Sources */,
				885F642023F939C60089FDD3 /* MenuRootController.swift in Sources */,
				A2C91781243DADC60018D8CD /* ExamArrow.swift in Sources */,
				A26D2BB3241FB9EF005666AF /* LessonSelectViewController.swift in Sources */,
				882A2B82243A18A100D51D6C /* ExamCells.swift in Sources */,
				881BE9D7241E308700C06290 /* SubLessonCell.swift in Sources */,
				A293D1032436E98D0032806D /* ExamAnswerCell.swift in Sources */,
				A2DBC9E624401EB3005C54DE /* MakeHomeworkAlertController.swift in Sources */,
				A2BFF235242C41E2001B5B7A /* CorrectHistoryAlertController.swift in Sources */,
				881BE9D3241E23F600C06290 /* SubLessonViewController.swift in Sources */,
				88FB1B062403B8BB006A48AA /* MenuItem.swift in Sources */,
				A26D2BA1241B22B6005666AF /* LessonHelper.swift in Sources */,
				88AE592023F7F58700127C8E /* BasicMenuView.swift in Sources */,
				A2C9177F243DA7B20018D8CD /* ExamStepView.swift in Sources */,
				88FF2AB023FE811600B7CB92 /* MOONSegment.swift in Sources */,
				A2FB07C4243C704800BD0474 /* ExamNavigateHeader.swift in Sources */,
				A293D0F7243583E40032806D /* DemoViewController.swift in Sources */,
				A293D0F42435831B0032806D /* SignUpIncomeViewController.swift in Sources */,
				A2FB07C2243C6FFC00BD0474 /* ExamNavigateCell.swift in Sources */,
			);
			runOnlyForDeploymentPostprocessing = 0;
		};
		88AE58FB23F7D8C400127C8E /* Sources */ = {
			isa = PBXSourcesBuildPhase;
			buildActionMask = 2147483647;
			files = (
				88AE590423F7D8C400127C8E /* MOONMenusTests.swift in Sources */,
			);
			runOnlyForDeploymentPostprocessing = 0;
		};
		88AE590623F7D8C400127C8E /* Sources */ = {
			isa = PBXSourcesBuildPhase;
			buildActionMask = 2147483647;
			files = (
				88AE590F23F7D8C400127C8E /* MOONMenusUITests.swift in Sources */,
			);
			runOnlyForDeploymentPostprocessing = 0;
		};
/* End PBXSourcesBuildPhase section */

/* Begin PBXTargetDependency section */
		88AE590123F7D8C400127C8E /* PBXTargetDependency */ = {
			isa = PBXTargetDependency;
			target = 88AE58E823F7D8C000127C8E /* MOONMenus */;
			targetProxy = 88AE590023F7D8C400127C8E /* PBXContainerItemProxy */;
		};
		88AE590C23F7D8C400127C8E /* PBXTargetDependency */ = {
			isa = PBXTargetDependency;
			target = 88AE58E823F7D8C000127C8E /* MOONMenus */;
			targetProxy = 88AE590B23F7D8C400127C8E /* PBXContainerItemProxy */;
		};
/* End PBXTargetDependency section */

/* Begin XCBuildConfiguration section */
		88AE591123F7D8C400127C8E /* Debug */ = {
			isa = XCBuildConfiguration;
			buildSettings = {
				ALWAYS_SEARCH_USER_PATHS = NO;
				CLANG_ANALYZER_NONNULL = YES;
				CLANG_ANALYZER_NUMBER_OBJECT_CONVERSION = YES_AGGRESSIVE;
				CLANG_CXX_LANGUAGE_STANDARD = "gnu++14";
				CLANG_CXX_LIBRARY = "libc++";
				CLANG_ENABLE_MODULES = YES;
				CLANG_ENABLE_OBJC_ARC = YES;
				CLANG_ENABLE_OBJC_WEAK = YES;
				CLANG_WARN_BLOCK_CAPTURE_AUTORELEASING = YES;
				CLANG_WARN_BOOL_CONVERSION = YES;
				CLANG_WARN_COMMA = YES;
				CLANG_WARN_CONSTANT_CONVERSION = YES;
				CLANG_WARN_DEPRECATED_OBJC_IMPLEMENTATIONS = YES;
				CLANG_WARN_DIRECT_OBJC_ISA_USAGE = YES_ERROR;
				CLANG_WARN_DOCUMENTATION_COMMENTS = YES;
				CLANG_WARN_EMPTY_BODY = YES;
				CLANG_WARN_ENUM_CONVERSION = YES;
				CLANG_WARN_INFINITE_RECURSION = YES;
				CLANG_WARN_INT_CONVERSION = YES;
				CLANG_WARN_NON_LITERAL_NULL_CONVERSION = YES;
				CLANG_WARN_OBJC_IMPLICIT_RETAIN_SELF = YES;
				CLANG_WARN_OBJC_LITERAL_CONVERSION = YES;
				CLANG_WARN_OBJC_ROOT_CLASS = YES_ERROR;
				CLANG_WARN_RANGE_LOOP_ANALYSIS = YES;
				CLANG_WARN_STRICT_PROTOTYPES = YES;
				CLANG_WARN_SUSPICIOUS_MOVE = YES;
				CLANG_WARN_UNGUARDED_AVAILABILITY = YES_AGGRESSIVE;
				CLANG_WARN_UNREACHABLE_CODE = YES;
				CLANG_WARN__DUPLICATE_METHOD_MATCH = YES;
				COPY_PHASE_STRIP = NO;
				DEBUG_INFORMATION_FORMAT = dwarf;
				ENABLE_STRICT_OBJC_MSGSEND = YES;
				ENABLE_TESTABILITY = YES;
				GCC_C_LANGUAGE_STANDARD = gnu11;
				GCC_DYNAMIC_NO_PIC = NO;
				GCC_NO_COMMON_BLOCKS = YES;
				GCC_OPTIMIZATION_LEVEL = 0;
				GCC_PREPROCESSOR_DEFINITIONS = (
					"DEBUG=1",
					"$(inherited)",
				);
				GCC_WARN_64_TO_32_BIT_CONVERSION = YES;
				GCC_WARN_ABOUT_RETURN_TYPE = YES_ERROR;
				GCC_WARN_UNDECLARED_SELECTOR = YES;
				GCC_WARN_UNINITIALIZED_AUTOS = YES_AGGRESSIVE;
				GCC_WARN_UNUSED_FUNCTION = YES;
				GCC_WARN_UNUSED_VARIABLE = YES;
				IPHONEOS_DEPLOYMENT_TARGET = 13.2;
				MTL_ENABLE_DEBUG_INFO = INCLUDE_SOURCE;
				MTL_FAST_MATH = YES;
				ONLY_ACTIVE_ARCH = YES;
				SDKROOT = iphoneos;
				SWIFT_ACTIVE_COMPILATION_CONDITIONS = DEBUG;
				SWIFT_OPTIMIZATION_LEVEL = "-Onone";
			};
			name = Debug;
		};
		88AE591223F7D8C400127C8E /* Release */ = {
			isa = XCBuildConfiguration;
			buildSettings = {
				ALWAYS_SEARCH_USER_PATHS = NO;
				CLANG_ANALYZER_NONNULL = YES;
				CLANG_ANALYZER_NUMBER_OBJECT_CONVERSION = YES_AGGRESSIVE;
				CLANG_CXX_LANGUAGE_STANDARD = "gnu++14";
				CLANG_CXX_LIBRARY = "libc++";
				CLANG_ENABLE_MODULES = YES;
				CLANG_ENABLE_OBJC_ARC = YES;
				CLANG_ENABLE_OBJC_WEAK = YES;
				CLANG_WARN_BLOCK_CAPTURE_AUTORELEASING = YES;
				CLANG_WARN_BOOL_CONVERSION = YES;
				CLANG_WARN_COMMA = YES;
				CLANG_WARN_CONSTANT_CONVERSION = YES;
				CLANG_WARN_DEPRECATED_OBJC_IMPLEMENTATIONS = YES;
				CLANG_WARN_DIRECT_OBJC_ISA_USAGE = YES_ERROR;
				CLANG_WARN_DOCUMENTATION_COMMENTS = YES;
				CLANG_WARN_EMPTY_BODY = YES;
				CLANG_WARN_ENUM_CONVERSION = YES;
				CLANG_WARN_INFINITE_RECURSION = YES;
				CLANG_WARN_INT_CONVERSION = YES;
				CLANG_WARN_NON_LITERAL_NULL_CONVERSION = YES;
				CLANG_WARN_OBJC_IMPLICIT_RETAIN_SELF = YES;
				CLANG_WARN_OBJC_LITERAL_CONVERSION = YES;
				CLANG_WARN_OBJC_ROOT_CLASS = YES_ERROR;
				CLANG_WARN_RANGE_LOOP_ANALYSIS = YES;
				CLANG_WARN_STRICT_PROTOTYPES = YES;
				CLANG_WARN_SUSPICIOUS_MOVE = YES;
				CLANG_WARN_UNGUARDED_AVAILABILITY = YES_AGGRESSIVE;
				CLANG_WARN_UNREACHABLE_CODE = YES;
				CLANG_WARN__DUPLICATE_METHOD_MATCH = YES;
				COPY_PHASE_STRIP = NO;
				DEBUG_INFORMATION_FORMAT = "dwarf-with-dsym";
				ENABLE_NS_ASSERTIONS = NO;
				ENABLE_STRICT_OBJC_MSGSEND = YES;
				GCC_C_LANGUAGE_STANDARD = gnu11;
				GCC_NO_COMMON_BLOCKS = YES;
				GCC_WARN_64_TO_32_BIT_CONVERSION = YES;
				GCC_WARN_ABOUT_RETURN_TYPE = YES_ERROR;
				GCC_WARN_UNDECLARED_SELECTOR = YES;
				GCC_WARN_UNINITIALIZED_AUTOS = YES_AGGRESSIVE;
				GCC_WARN_UNUSED_FUNCTION = YES;
				GCC_WARN_UNUSED_VARIABLE = YES;
				IPHONEOS_DEPLOYMENT_TARGET = 13.2;
				MTL_ENABLE_DEBUG_INFO = NO;
				MTL_FAST_MATH = YES;
				SDKROOT = iphoneos;
				SWIFT_COMPILATION_MODE = wholemodule;
				SWIFT_OPTIMIZATION_LEVEL = "-O";
				VALIDATE_PRODUCT = YES;
			};
			name = Release;
		};
		88AE591423F7D8C400127C8E /* Debug */ = {
			isa = XCBuildConfiguration;
			baseConfigurationReference = 26A9F00FB6DAF513EB8BB2AD /* Pods-MOONMenus.debug.xcconfig */;
			buildSettings = {
				ASSETCATALOG_COMPILER_APPICON_NAME = AppIcon;
				ASSETCATALOG_COMPILER_LAUNCHIMAGE_NAME = LaunchImage;
				CODE_SIGN_STYLE = Automatic;
				INFOPLIST_FILE = MOONMenus/Resources/Info.plist;
				LD_RUNPATH_SEARCH_PATHS = (
					"$(inherited)",
					"@executable_path/Frameworks",
				);
				PRODUCT_BUNDLE_IDENTIFIER = moonShadow.MOONMenus;
				PRODUCT_NAME = "$(TARGET_NAME)";
				SWIFT_VERSION = 5.0;
				TARGETED_DEVICE_FAMILY = "1,2";
			};
			name = Debug;
		};
		88AE591523F7D8C400127C8E /* Release */ = {
			isa = XCBuildConfiguration;
			baseConfigurationReference = B4F87418DDC89E3F7434A491 /* Pods-MOONMenus.release.xcconfig */;
			buildSettings = {
				ASSETCATALOG_COMPILER_APPICON_NAME = AppIcon;
				ASSETCATALOG_COMPILER_LAUNCHIMAGE_NAME = LaunchImage;
				CODE_SIGN_STYLE = Automatic;
				INFOPLIST_FILE = MOONMenus/Resources/Info.plist;
				LD_RUNPATH_SEARCH_PATHS = (
					"$(inherited)",
					"@executable_path/Frameworks",
				);
				PRODUCT_BUNDLE_IDENTIFIER = moonShadow.MOONMenus;
				PRODUCT_NAME = "$(TARGET_NAME)";
				SWIFT_VERSION = 5.0;
				TARGETED_DEVICE_FAMILY = "1,2";
			};
			name = Release;
		};
		88AE591723F7D8C400127C8E /* Debug */ = {
			isa = XCBuildConfiguration;
			buildSettings = {
				ALWAYS_EMBED_SWIFT_STANDARD_LIBRARIES = YES;
				BUNDLE_LOADER = "$(TEST_HOST)";
				CODE_SIGN_STYLE = Automatic;
				INFOPLIST_FILE = MOONMenusTests/Info.plist;
				IPHONEOS_DEPLOYMENT_TARGET = 13.2;
				LD_RUNPATH_SEARCH_PATHS = (
					"$(inherited)",
					"@executable_path/Frameworks",
					"@loader_path/Frameworks",
				);
				PRODUCT_BUNDLE_IDENTIFIER = moonShadow.MOONMenusTests;
				PRODUCT_NAME = "$(TARGET_NAME)";
				SWIFT_VERSION = 5.0;
				TARGETED_DEVICE_FAMILY = "1,2";
				TEST_HOST = "$(BUILT_PRODUCTS_DIR)/MOONMenus.app/MOONMenus";
			};
			name = Debug;
		};
		88AE591823F7D8C400127C8E /* Release */ = {
			isa = XCBuildConfiguration;
			buildSettings = {
				ALWAYS_EMBED_SWIFT_STANDARD_LIBRARIES = YES;
				BUNDLE_LOADER = "$(TEST_HOST)";
				CODE_SIGN_STYLE = Automatic;
				INFOPLIST_FILE = MOONMenusTests/Info.plist;
				IPHONEOS_DEPLOYMENT_TARGET = 13.2;
				LD_RUNPATH_SEARCH_PATHS = (
					"$(inherited)",
					"@executable_path/Frameworks",
					"@loader_path/Frameworks",
				);
				PRODUCT_BUNDLE_IDENTIFIER = moonShadow.MOONMenusTests;
				PRODUCT_NAME = "$(TARGET_NAME)";
				SWIFT_VERSION = 5.0;
				TARGETED_DEVICE_FAMILY = "1,2";
				TEST_HOST = "$(BUILT_PRODUCTS_DIR)/MOONMenus.app/MOONMenus";
			};
			name = Release;
		};
		88AE591A23F7D8C400127C8E /* Debug */ = {
			isa = XCBuildConfiguration;
			buildSettings = {
				ALWAYS_EMBED_SWIFT_STANDARD_LIBRARIES = YES;
				CODE_SIGN_STYLE = Automatic;
				INFOPLIST_FILE = MOONMenusUITests/Info.plist;
				LD_RUNPATH_SEARCH_PATHS = (
					"$(inherited)",
					"@executable_path/Frameworks",
					"@loader_path/Frameworks",
				);
				PRODUCT_BUNDLE_IDENTIFIER = moonShadow.MOONMenusUITests;
				PRODUCT_NAME = "$(TARGET_NAME)";
				SWIFT_VERSION = 5.0;
				TARGETED_DEVICE_FAMILY = "1,2";
				TEST_TARGET_NAME = MOONMenus;
			};
			name = Debug;
		};
		88AE591B23F7D8C400127C8E /* Release */ = {
			isa = XCBuildConfiguration;
			buildSettings = {
				ALWAYS_EMBED_SWIFT_STANDARD_LIBRARIES = YES;
				CODE_SIGN_STYLE = Automatic;
				INFOPLIST_FILE = MOONMenusUITests/Info.plist;
				LD_RUNPATH_SEARCH_PATHS = (
					"$(inherited)",
					"@executable_path/Frameworks",
					"@loader_path/Frameworks",
				);
				PRODUCT_BUNDLE_IDENTIFIER = moonShadow.MOONMenusUITests;
				PRODUCT_NAME = "$(TARGET_NAME)";
				SWIFT_VERSION = 5.0;
				TARGETED_DEVICE_FAMILY = "1,2";
				TEST_TARGET_NAME = MOONMenus;
			};
			name = Release;
		};
/* End XCBuildConfiguration section */

/* Begin XCConfigurationList section */
		88AE58E423F7D8C000127C8E /* Build configuration list for PBXProject "MOONMenus" */ = {
			isa = XCConfigurationList;
			buildConfigurations = (
				88AE591123F7D8C400127C8E /* Debug */,
				88AE591223F7D8C400127C8E /* Release */,
			);
			defaultConfigurationIsVisible = 0;
			defaultConfigurationName = Release;
		};
		88AE591323F7D8C400127C8E /* Build configuration list for PBXNativeTarget "MOONMenus" */ = {
			isa = XCConfigurationList;
			buildConfigurations = (
				88AE591423F7D8C400127C8E /* Debug */,
				88AE591523F7D8C400127C8E /* Release */,
			);
			defaultConfigurationIsVisible = 0;
			defaultConfigurationName = Release;
		};
		88AE591623F7D8C400127C8E /* Build configuration list for PBXNativeTarget "MOONMenusTests" */ = {
			isa = XCConfigurationList;
			buildConfigurations = (
				88AE591723F7D8C400127C8E /* Debug */,
				88AE591823F7D8C400127C8E /* Release */,
			);
			defaultConfigurationIsVisible = 0;
			defaultConfigurationName = Release;
		};
		88AE591923F7D8C400127C8E /* Build configuration list for PBXNativeTarget "MOONMenusUITests" */ = {
			isa = XCConfigurationList;
			buildConfigurations = (
				88AE591A23F7D8C400127C8E /* Debug */,
				88AE591B23F7D8C400127C8E /* Release */,
			);
			defaultConfigurationIsVisible = 0;
			defaultConfigurationName = Release;
		};
/* End XCConfigurationList section */
	};
	rootObject = 88AE58E123F7D8C000127C8E /* Project object */;
}
